Microsoft Visual Studio Solution File, Format Version 12.00
# Visual Studio Version 17
VisualStudioVersion = 17.0.31903.59
MinimumVisualStudioVersion = 10.0.40219.1
Project("{FAE04EC0-301F-11D3-BF4B-00C04F79EFBC}") = "SyncFolderApp", "SyncFolderApp\\SyncFolderApp.csproj", "{B35C6E59-8EA8-4FAD-9BDF-7743B22F5F63}"
EndProject